// !$*UTF8*$!
{
	archiveVersion = 1;
	classes = {
	};
	objectVersion = 46;
	objects = {

/* Begin PBXBuildFile section */
		174107FC19591CBB00E14032 /* AppDelegate.swift in Sources */ = {isa = PBXBuildFile; fileRef = 174107FB19591CBB00E14032 /* AppDelegate.swift */; };
		174107FE19591CBB00E14032 /* ViewController.swift in Sources */ = {isa = PBXBuildFile; fileRef = 174107FD19591CBB00E14032 /* ViewController.swift */; };
		1741080119591CBB00E14032 /* Main.storyboard in Resources */ = {isa = PBXBuildFile; fileRef = 174107FF19591CBB00E14032 /* Main.storyboard */; };
		1741080319591CBB00E14032 /* Images.xcassets in Resources */ = {isa = PBXBuildFile; fileRef = 1741080219591CBB00E14032 /* Images.xcassets */; };
		1741080F19591CBB00E14032 /* SampleAppTests.swift in Sources */ = {isa = PBXBuildFile; fileRef = 1741080E19591CBB00E14032 /* SampleAppTests.swift */; };
		1741081A195A728E00E14032 /* OperatorDelegate.swift in Sources */ = {isa = PBXBuildFile; fileRef = 17410819195A728E00E14032 /* OperatorDelegate.swift */; };
		1741081C195A819C00E14032 /* Operators.swift in Sources */ = {isa = PBXBuildFile; fileRef = 1741081B195A819C00E14032 /* Operators.swift */; };
/* End PBXBuildFile section */

/* Begin PBXContainerItemProxy section */
		1741080919591CBB00E14032 /* PBXContainerItemProxy */ = {
			isa = PBXContainerItemProxy;
			containerPortal = 174107EE19591CBB00E14032 /* Project object */;
			proxyType = 1;
			remoteGlobalIDString = 174107F519591CBB00E14032;
			remoteInfo = SampleApp;
		};
/* End PBXContainerItemProxy section */

/* Begin PBXFileReference section */
		174107F619591CBB00E14032 /* SampleApp.app */ = {isa = PBXFileReference; explicitFileType = wrapper.application; includeInIndex = 0; path = SampleApp.app; sourceTree = BUILT_PRODUCTS_DIR; };
		174107FA19591CBB00E14032 /* Info.plist */ = {isa = PBXFileReference; lastKnownFileType = text.plist.xml; path = Info.plist; sourceTree = "<group>"; };
		174107FB19591CBB00E14032 /* AppDelegate.swift */ = {isa = PBXFileReference; lastKnownFileType = sourcecode.swift; path = AppDelegate.swift; sourceTree = "<group>"; };
		174107FD19591CBB00E14032 /* ViewController.swift */ = {isa = PBXFileReference; lastKnownFileType = sourcecode.swift; path = ViewController.swift; sourceTree = "<group>"; };
		1741080019591CBB00E14032 /* Base */ = {isa = PBXFileReference; lastKnownFileType = file.storyboard; name = Base; path = Base.lproj/Main.storyboard; sourceTree = "<group>"; };
		1741080219591CBB00E14032 /* Images.xcassets */ = {isa = PBXFileReference; lastKnownFileType = folder.assetcatalog; path = Images.xcassets; sourceTree = "<group>"; };
		1741080819591CBB00E14032 /* SampleAppTests.xctest */ = {isa = PBXFileReference; explicitFileType = wrapper.cfbundle; includeInIndex = 0; path = SampleAppTests.xctest; sourceTree = BUILT_PRODUCTS_DIR; };
		1741080D19591CBB00E14032 /* Info.plist */ = {isa = PBXFileReference; lastKnownFileType = text.plist.xml; path = Info.plist; sourceTree = "<group>"; };
		1741080E19591CBB00E14032 /* SampleAppTests.swift */ = {isa = PBXFileReference; lastKnownFileType = sourcecode.swift; path = SampleAppTests.swift; sourceTree = "<group>"; };
		17410819195A728E00E14032 /* OperatorDelegate.swift */ = {isa = PBXFileReference; fileEncoding = 4; lastKnownFileType = sourcecode.swift; path = OperatorDelegate.swift; sourceTree = "<group>"; };
		1741081B195A819C00E14032 /* Operators.swift */ = {isa = PBXFileReference; fileEncoding = 4; lastKnownFileType = sourcecode.swift; name = Operators.swift; path = ../Operators.swift; sourceTree = "<group>"; };
/* End PBXFileReference section */

/* Begin PBXFrameworksBuildPhase section */
		174107F319591CBB00E14032 /* Frameworks */ = {
			isa = PBXFrameworksBuildPhase;
			buildActionMask = 2147483647;
			files = (
			);
			runOnlyForDeploymentPostprocessing = 0;
		};
		1741080519591CBB00E14032 /* Frameworks */ = {
			isa = PBXFrameworksBuildPhase;
			buildActionMask = 2147483647;
			files = (
			);
			runOnlyForDeploymentPostprocessing = 0;
		};
/* End PBXFrameworksBuildPhase section */

/* Begin PBXGroup section */
		174107ED19591CBB00E14032 = {
			isa = PBXGroup;
			children = (
				174107F819591CBB00E14032 /* SampleApp */,
				1741080B19591CBB00E14032 /* SampleAppTests */,
				174107F719591CBB00E14032 /* Products */,
			);
			sourceTree = "<group>";
		};
		174107F719591CBB00E14032 /* Products */ = {
			isa = PBXGroup;
			children = (
				174107F619591CBB00E14032 /* SampleApp.app */,
				1741080819591CBB00E14032 /* SampleAppTests.xctest */,
			);
			name = Products;
			sourceTree = "<group>";
		};
		174107F819591CBB00E14032 /* SampleApp */ = {
			isa = PBXGroup;
			children = (
				1741081B195A819C00E14032 /* Operators.swift */,
				17410818195A6D8600E14032 /* iPad */,
				174107FB19591CBB00E14032 /* AppDelegate.swift */,
				174107FD19591CBB00E14032 /* ViewController.swift */,
				174107FF19591CBB00E14032 /* Main.storyboard */,
				1741080219591CBB00E14032 /* Images.xcassets */,
				174107F919591CBB00E14032 /* Supporting Files */,
				17410819195A728E00E14032 /* OperatorDelegate.swift */,
			);
			path = SampleApp;
			sourceTree = "<group>";
		};
		174107F919591CBB00E14032 /* Supporting Files */ = {
			isa = PBXGroup;
			children = (
				174107FA19591CBB00E14032 /* Info.plist */,
			);
			name = "Supporting Files";
			sourceTree = "<group>";
		};
		1741080B19591CBB00E14032 /* SampleAppTests */ = {
			isa = PBXGroup;
			children = (
				1741080E19591CBB00E14032 /* SampleAppTests.swift */,
				1741080C19591CBB00E14032 /* Supporting Files */,
			);
			path = SampleAppTests;
			sourceTree = "<group>";
		};
		1741080C19591CBB00E14032 /* Supporting Files */ = {
			isa = PBXGroup;
			children = (
				1741080D19591CBB00E14032 /* Info.plist */,
			);
			name = "Supporting Files";
			sourceTree = "<group>";
		};
		17410818195A6D8600E14032 /* iPad */ = {
			isa = PBXGroup;
			children = (
			);
			name = iPad;
			sourceTree = "<group>";
		};
/* End PBXGroup section */

/* Begin PBXNativeTarget section */
		174107F519591CBB00E14032 /* SampleApp */ = {
			isa = PBXNativeTarget;
			buildConfigurationList = 1741081219591CBB00E14032 /* Build configuration list for PBXNativeTarget "SampleApp" */;
			buildPhases = (
				174107F219591CBB00E14032 /* Sources */,
				174107F319591CBB00E14032 /* Frameworks */,
				174107F419591CBB00E14032 /* Resources */,
			);
			buildRules = (
			);
			dependencies = (
			);
			name = SampleApp;
			productName = SampleApp;
			productReference = 174107F619591CBB00E14032 /* SampleApp.app */;
			productType = "com.apple.product-type.application";
		};
		1741080719591CBB00E14032 /* SampleAppTests */ = {
			isa = PBXNativeTarget;
			buildConfigurationList = 1741081519591CBB00E14032 /* Build configuration list for PBXNativeTarget "SampleAppTests" */;
			buildPhases = (
				1741080419591CBB00E14032 /* Sources */,
				1741080519591CBB00E14032 /* Frameworks */,
				1741080619591CBB00E14032 /* Resources */,
			);
			buildRules = (
			);
			dependencies = (
				1741080A19591CBB00E14032 /* PBXTargetDependency */,
			);
			name = SampleAppTests;
			productName = SampleAppTests;
			productReference = 1741080819591CBB00E14032 /* SampleAppTests.xctest */;
			productType = "com.apple.product-type.bundle.unit-test";
		};
/* End PBXNativeTarget section */

/* Begin PBXProject section */
		174107EE19591CBB00E14032 /* Project object */ = {
			isa = PBXProject;
			attributes = {
				LastUpgradeCheck = 0600;
				ORGANIZATIONNAME = ThoughtWorks;
				TargetAttributes = {
					174107F519591CBB00E14032 = {
						CreatedOnToolsVersion = 6.0;
					};
					1741080719591CBB00E14032 = {
						CreatedOnToolsVersion = 6.0;
						TestTargetID = 174107F519591CBB00E14032;
					};
				};
			};
			buildConfigurationList = 174107F119591CBB00E14032 /* Build configuration list for PBXProject "SampleApp" */;
			compatibilityVersion = "Xcode 3.2";
			developmentRegion = English;
			hasScannedForEncodings = 0;
			knownRegions = (
				en,
				Base,
			);
			mainGroup = 174107ED19591CBB00E14032;
			productRefGroup = 174107F719591CBB00E14032 /* Products */;
			projectDirPath = "";
			projectRoot = "";
			targets = (
				174107F519591CBB00E14032 /* SampleApp */,
				1741080719591CBB00E14032 /* SampleAppTests */,
			);
		};
/* End PBXProject section */

/* Begin PBXResourcesBuildPhase section */
		174107F419591CBB00E14032 /* Resources */ = {
			isa = PBXResourcesBuildPhase;
			buildActionMask = 2147483647;
			files = (
				1741080119591CBB00E14032 /* Main.storyboard in Resources */,
				1741080319591CBB00E14032 /* Images.xcassets in Resources */,
			);
			runOnlyForDeploymentPostprocessing = 0;
		};
		1741080619591CBB00E14032 /* Resources */ = {
			isa = PBXResourcesBuildPhase;
			buildActionMask = 2147483647;
			files = (
			);
			runOnlyForDeploymentPostprocessing = 0;
		};
/* End PBXResourcesBuildPhase section */

/* Begin PBXSourcesBuildPhase section */
		174107F219591CBB00E14032 /* Sources */ = {
			isa = PBXSourcesBuildPhase;
			buildActionMask = 2147483647;
			files = (
				174107FE19591CBB00E14032 /* ViewController.swift in Sources */,
				1741081C195A819C00E14032 /* Operators.swift in Sources */,
				174107FC19591CBB00E14032 /* AppDelegate.swift in Sources */,
				1741081A195A728E00E14032 /* OperatorDelegate.swift in Sources */,
			);
			runOnlyForDeploymentPostprocessing = 0;
		};
		1741080419591CBB00E14032 /* Sources */ = {
			isa = PBXSourcesBuildPhase;
			buildActionMask = 2147483647;
			files = (
				1741080F19591CBB00E14032 /* SampleAppTests.swift in Sources */,
			);
			runOnlyForDeploymentPostprocessing = 0;
		};
/* End PBXSourcesBuildPhase section */

/* Begin PBXTargetDependency section */
		1741080A19591CBB00E14032 /* PBXTargetDependency */ = {
			isa = PBXTargetDependency;
			target = 174107F519591CBB00E14032 /* SampleApp */;
			targetProxy = 1741080919591CBB00E14032 /* PBXContainerItemProxy */;
		};
/* End PBXTargetDependency section */

/* Begin PBXVariantGroup section */
		174107FF19591CBB00E14032 /* Main.storyboard */ = {
			isa = PBXVariantGroup;
			children = (
				1741080019591CBB00E14032 /* Base */,
			);
			name = Main.storyboard;
			sourceTree = "<group>";
		};
/* End PBXVariantGroup section */

/* Begin XCBuildConfiguration section */
		1741081019591CBB00E14032 /* Debug */ = {
			isa = XCBuildConfiguration;
			buildSettings = {
				ALWAYS_SEARCH_USER_PATHS = NO;
				CLANG_CXX_LANGUAGE_STANDARD = "gnu++0x";
				CLANG_CXX_LIBRARY = "libc++";
				CLANG_ENABLE_MODULES = YES;
				CLANG_ENABLE_OBJC_ARC = YES;
				CLANG_WARN_BOOL_CONVERSION = YES;
				CLANG_WARN_CONSTANT_CONVERSION = YES;
				CLANG_WARN_DIRECT_OBJC_ISA_USAGE = YES_ERROR;
				CLANG_WARN_EMPTY_BODY = YES;
				CLANG_WARN_ENUM_CONVERSION = YES;
				CLANG_WARN_INT_CONVERSION = YES;
				CLANG_WARN_OBJC_ROOT_CLASS = YES_ERROR;
				CLANG_WARN_UNREACHABLE_CODE = YES;
				CLANG_WARN__DUPLICATE_METHOD_MATCH = YES;
				"CODE_SIGN_IDENTITY[sdk=iphoneos*]" = "iPhone Developer";
				COPY_PHASE_STRIP = NO;
				ENABLE_STRICT_OBJC_MSGSEND = YES;
				GCC_C_LANGUAGE_STANDARD = gnu99;
				GCC_DYNAMIC_NO_PIC = NO;
				GCC_OPTIMIZATION_LEVEL = 0;
				GCC_PREPROCESSOR_DEFINITIONS = (
					"DEBUG=1",
					"$(inherited)",
				);
				GCC_SYMBOLS_PRIVATE_EXTERN = NO;
				GCC_WARN_64_TO_32_BIT_CONVERSION = YES;
				GCC_WARN_ABOUT_RETURN_TYPE = YES_ERROR;
				GCC_WARN_UNDECLARED_SELECTOR = YES;
				GCC_WARN_UNINITIALIZED_AUTOS = YES_AGGRESSIVE;
				GCC_WARN_UNUSED_FUNCTION = YES;
				GCC_WARN_UNUSED_VARIABLE = YES;
				IPHONEOS_DEPLOYMENT_TARGET = 8.0;
				METAL_ENABLE_DEBUG_INFO = YES;
				ONLY_ACTIVE_ARCH = YES;
				SDKROOT = iphoneos;
				SWIFT_OPTIMIZATION_LEVEL = "-Onone";
			};
			name = Debug;
		};
		1741081119591CBB00E14032 /* Release */ = {
			isa = XCBuildConfiguration;
			buildSettings = {
				ALWAYS_SEARCH_USER_PATHS = NO;
				CLANG_CXX_LANGUAGE_STANDARD = "gnu++0x";
				CLANG_CXX_LIBRARY = "libc++";
				CLANG_ENABLE_MODULES = YES;
				CLANG_ENABLE_OBJC_ARC = YES;
				CLANG_WARN_BOOL_CONVERSION = YES;
				CLANG_WARN_CONSTANT_CONVERSION = YES;
				CLANG_WARN_DIRECT_OBJC_ISA_USAGE = YES_ERROR;
				CLANG_WARN_EMPTY_BODY = YES;
				CLANG_WARN_ENUM_CONVERSION = YES;
				CLANG_WARN_INT_CONVERSION = YES;
				CLANG_WARN_OBJC_ROOT_CLASS = YES_ERROR;
				CLANG_WARN_UNREACHABLE_CODE = YES;
				CLANG_WARN__DUPLICATE_METHOD_MATCH = YES;
				"CODE_SIGN_IDENTITY[sdk=iphoneos*]" = "iPhone Developer";
				COPY_PHASE_STRIP = YES;
				ENABLE_NS_ASSERTIONS = NO;
				ENABLE_STRICT_OBJC_MSGSEND = YES;
				GCC_C_LANGUAGE_STANDARD = gnu99;
				GCC_WARN_64_TO_32_BIT_CONVERSION = YES;
				GCC_WARN_ABOUT_RETURN_TYPE = YES_ERROR;
				GCC_WARN_UNDECLARED_SELECTOR = YES;
				GCC_WARN_UNINITIALIZED_AUTOS = YES_AGGRESSIVE;
				GCC_WARN_UNUSED_FUNCTION = YES;
				GCC_WARN_UNUSED_VARIABLE = YES;
				IPHONEOS_DEPLOYMENT_TARGET = 8.0;
				METAL_ENABLE_DEBUG_INFO = NO;
				SDKROOT = iphoneos;
				VALIDATE_PRODUCT = YES;
			};
			name = Release;
		};
		1741081319591CBB00E14032 /* Debug */ = {
			isa = XCBuildConfiguration;
			buildSettings = {
				ASSETCATALOG_COMPILER_APPICON_NAME = AppIcon;
				ASSETCATALOG_COMPILER_LAUNCHIMAGE_NAME = LaunchImage;
				INFOPLIST_FILE = SampleApp/Info.plist;
				IPHONEOS_DEPLOYMENT_TARGET = 6.0;
				LD_RUNPATH_SEARCH_PATHS = "$(inherited) @executable_path/Frameworks";
				PRODUCT_NAME = "$(TARGET_NAME)";
				TARGETED_DEVICE_FAMILY = 1;
			};
			name = Debug;
		};
		1741081419591CBB00E14032 /* Release */ = {
			isa = XCBuildConfiguration;
			buildSettings = {
				ASSETCATALOG_COMPILER_APPICON_NAME = AppIcon;
				ASSETCATALOG_COMPILER_LAUNCHIMAGE_NAME = LaunchImage;
				INFOPLIST_FILE = SampleApp/Info.plist;
				IPHONEOS_DEPLOYMENT_TARGET = 6.0;
				LD_RUNPATH_SEARCH_PATHS = "$(inherited) @executable_path/Frameworks";
				PRODUCT_NAME = "$(TARGET_NAME)";
				TARGETED_DEVICE_FAMILY = 1;
			};
			name = Release;
		};
		1741081619591CBB00E14032 /* Debug */ = {
			isa = XCBuildConfiguration;
			buildSettings = {
				BUNDLE_LOADER = "$(BUILT_PRODUCTS_DIR)/SampleApp.app/SampleApp";
				FRAMEWORK_SEARCH_PATHS = (
					"$(SDKROOT)/Developer/Library/Frameworks",
					"$(inherited)",
				);
				GCC_PREPROCESSOR_DEFINITIONS = (
					"DEBUG=1",
					"$(inherited)",
				);
				INFOPLIST_FILE = SampleAppTests/Info.plist;
				LD_RUNPATH_SEARCH_PATHS = "$(inherited) @executable_path/Frameworks @loader_path/Frameworks";
				METAL_ENABLE_DEBUG_INFO = YES;
				PRODUCT_NAME = "$(TARGET_NAME)";
				TEST_HOST = "$(BUNDLE_LOADER)";
			};
			name = Debug;
		};
		1741081719591CBB00E14032 /* Release */ = {
			isa = XCBuildConfiguration;
			buildSettings = {
				BUNDLE_LOADER = "$(BUILT_PRODUCTS_DIR)/SampleApp.app/SampleApp";
				FRAMEWORK_SEARCH_PATHS = (
					"$(SDKROOT)/Developer/Library/Frameworks",
					"$(inherited)",
				);
				INFOPLIST_FILE = SampleAppTests/Info.plist;
				LD_RUNPATH_SEARCH_PATHS = "$(inherited) @executable_path/Frameworks @loader_path/Frameworks";
				METAL_ENABLE_DEBUG_INFO = NO;
				PRODUCT_NAME = "$(TARGET_NAME)";
				TEST_HOST = "$(BUNDLE_LOADER)";
			};
			name = Release;
		};
/* End XCBuildConfiguration section */

/* Begin XCConfigurationList section */
		174107F119591CBB00E14032 /* Build configuration list for PBXProject "SampleApp" */ = {
			isa = XCConfigurationList;
			buildConfigurations = (
				1741081019591CBB00E14032 /* Debug */,
				1741081119591CBB00E14032 /* Release */,
			);
			defaultConfigurationIsVisible = 0;
			defaultConfigurationName = Release;
		};
		1741081219591CBB00E14032 /* Build configuration list for PBXNativeTarget "SampleApp" */ = {
			isa = XCConfigurationList;
			buildConfigurations = (
				1741081319591CBB00E14032 /* Debug */,
				1741081419591CBB00E14032 /* Release */,
			);
			defaultConfigurationIsVisible = 0;
		};
		1741081519591CBB00E14032 /* Build configuration list for PBXNativeTarget "SampleAppTests" */ = {
			isa = XCConfigurationList;
			buildConfigurations = (
				1741081619591CBB00E14032 /* Debug */,
				1741081719591CBB00E14032 /* Release */,
			);
			defaultConfigurationIsVisible = 0;
		};
/* End XCConfigurationList section */
	};
	rootObject = 174107EE19591CBB00E14032 /* Project object */;
}
